
Microsoft Visual Studio Solution File, Format Version 12.00
# Visual Studio 2012
Project("{FAE04EC0-301F-11D3-BF4B-00C04F79EFBC}") = "Filtering_2012", "Filtering_2012.csproj", "{EAAEF4CC-490D-4A35-A667-580FD238BD49}"
EndProject
Global
	GlobalSection(SolutionConfigurationPlatforms) = preSolution
		Debug|Any CPU = Debug|Any CPU
		Release|Any CPU = Release|Any CPU
	EndGlobalSection
	GlobalSection(ProjectConfigurationPlatforms) = postSolution
		{EAAEF4CC-490D-4A35-A667-580FD238BD49}.Debug|Any CPU.ActiveCfg = Debug|Any CPU
		{EAAEF4CC-490D-4A35-A667-580FD238BD49}.Debug|Any CPU.Build.0 = Debug|Any CPU
		{EAAEF4CC-490D-4A35-A667-580FD238BD49}.Release|Any CPU.ActiveCfg = Release|Any CPU
		{EAAEF4CC-490D-4A35-A667-580FD238BD49}.Release|Any CPU.Build.0 = Release|Any CPU
	EndGlobalSection
	GlobalSection(SolutionProperties) = preSolution
		HideSolutionNode = FALSE
	EndGlobalSection
EndGlobal
