
Microsoft Visual Studio Solution File, Format Version 12.00
# Visual Studio 15
VisualStudioVersion = 12.0.21005.1
MinimumVisualStudioVersion = 10.0.40219.1
Project("{FAE04EC0-301F-11D3-BF4B-00C04F79EFBC}") = "SparkXml", "SparkXml.csproj", "{55208979-99BE-4203-8595-3E8F45AB0862}"
EndProject
Project("{FAE04EC0-301F-11D3-BF4B-00C04F79EFBC}") = "CSharpRunner", "..\..\CSharpRunner\CSharpRunner\CSharpRunner.csproj", "{FE19DBE5-0F35-4F55-80A1-A5D9FFCBA657}"
EndProject
Global
	GlobalSection(SolutionConfigurationPlatforms) = preSolution
		Debug|Any CPU = Debug|Any CPU
		Release|Any CPU = Release|Any CPU
	EndGlobalSection
	GlobalSection(ProjectConfigurationPlatforms) = postSolution
		{55208979-99BE-4203-8595-3E8F45AB0862}.Debug|Any CPU.ActiveCfg = Debug|Any CPU
		{55208979-99BE-4203-8595-3E8F45AB0862}.Debug|Any CPU.Build.0 = Debug|Any CPU
		{55208979-99BE-4203-8595-3E8F45AB0862}.Release|Any CPU.ActiveCfg = Release|Any CPU
		{55208979-99BE-4203-8595-3E8F45AB0862}.Release|Any CPU.Build.0 = Release|Any CPU
		{FE19DBE5-0F35-4F55-80A1-A5D9FFCBA657}.Debug|Any CPU.ActiveCfg = Debug|Any CPU
		{FE19DBE5-0F35-4F55-80A1-A5D9FFCBA657}.Debug|Any CPU.Build.0 = Debug|Any CPU
		{FE19DBE5-0F35-4F55-80A1-A5D9FFCBA657}.Release|Any CPU.ActiveCfg = Release|Any CPU
		{FE19DBE5-0F35-4F55-80A1-A5D9FFCBA657}.Release|Any CPU.Build.0 = Release|Any CPU
	EndGlobalSection
	GlobalSection(SolutionProperties) = preSolution
		HideSolutionNode = FALSE
	EndGlobalSection
EndGlobal
